<?xml version="1.0" encoding="UTF-8" standalone="yes" ?>
<CodeBlocks_project_file>
	<FileVersion major="1" minor="6" />
	<Project>
		<Option title="Engine" />
		<Option pch_mode="2" />
		<Option compiler="gcc" />
		<Build>
			<Target title="Debug">
				<Option output="bin/Debug/Engine" prefix_auto="1" extension_auto="1" />
				<Option object_output="obj/Debug/" />
				<Option type="1" />
				<Option compiler="gcc" />
				<Compiler>
					<Add option="-g" />
					<Add option="-DDEBUG" />
				</Compiler>
			</Target>
			<Target title="Release">
				<Option output="bin/Release/Engine" prefix_auto="1" extension_auto="1" />
				<Option object_output="obj/Release/" />
				<Option type="1" />
				<Option compiler="gcc" />
				<Compiler>
					<Add option="-O3" />
				</Compiler>
				<Linker>
					<Add option="-s" />
				</Linker>
			</Target>
		</Build>
		<Compiler>
			<Add option="-Wall" />
			<Add option="-std=c++14" />
			<Add option="-m32" />
			<Add option="-DGLEW_STATIC" />
			<Add directory="C:/dev libs/glew-2.1.0/include" />
			<Add directory="C:/dev libs/glfw-3.2.1.bin.WIN32/include" />
		</Compiler>
		<Linker>
			<Add option="-m32" />
			<Add library="glfw3" />
			<Add library="glew32s" />
			<Add library="opengl32" />
			<Add library="kernel32" />
			<Add library="user32" />
			<Add library="gdi32" />
			<Add directory="C:/dev libs/glew-2.1.0/lib/Release/Win32" />
			<Add directory="C:/dev libs/glfw-3.2.1.bin.WIN32/lib-mingw" />
		</Linker>
		<Unit filename="3rdparty/glm/CMakeLists.txt" />
		<Unit filename="3rdparty/glm/common.hpp" />
		<Unit filename="3rdparty/glm/detail/_features.hpp" />
		<Unit filename="3rdparty/glm/detail/_fixes.hpp" />
		<Unit filename="3rdparty/glm/detail/_noise.hpp" />
		<Unit filename="3rdparty/glm/detail/_swizzle.hpp" />
		<Unit filename="3rdparty/glm/detail/_swizzle_func.hpp" />
		<Unit filename="3rdparty/glm/detail/_vectorize.hpp" />
		<Unit filename="3rdparty/glm/detail/compute_common.hpp" />
		<Unit filename="3rdparty/glm/detail/compute_vector_relational.hpp" />
		<Unit filename="3rdparty/glm/detail/func_common.inl" />
		<Unit filename="3rdparty/glm/detail/func_common_simd.inl" />
		<Unit filename="3rdparty/glm/detail/func_exponential.inl" />
		<Unit filename="3rdparty/glm/detail/func_exponential_simd.inl" />
		<Unit filename="3rdparty/glm/detail/func_geometric.inl" />
		<Unit filename="3rdparty/glm/detail/func_geometric_simd.inl" />
		<Unit filename="3rdparty/glm/detail/func_integer.inl" />
		<Unit filename="3rdparty/glm/detail/func_integer_simd.inl" />
		<Unit filename="3rdparty/glm/detail/func_matrix.inl" />
		<Unit filename="3rdparty/glm/detail/func_matrix_simd.inl" />
		<Unit filename="3rdparty/glm/detail/func_packing.inl" />
		<Unit filename="3rdparty/glm/detail/func_packing_simd.inl" />
		<Unit filename="3rdparty/glm/detail/func_trigonometric.inl" />
		<Unit filename="3rdparty/glm/detail/func_trigonometric_simd.inl" />
		<Unit filename="3rdparty/glm/detail/func_vector_relational.inl" />
		<Unit filename="3rdparty/glm/detail/func_vector_relational_simd.inl" />
		<Unit filename="3rdparty/glm/detail/glm.cpp" />
		<Unit filename="3rdparty/glm/detail/qualifier.hpp" />
		<Unit filename="3rdparty/glm/detail/setup.hpp" />
		<Unit filename="3rdparty/glm/detail/type_float.hpp" />
		<Unit filename="3rdparty/glm/detail/type_gentype.hpp" />
		<Unit filename="3rdparty/glm/detail/type_gentype.inl" />
		<Unit filename="3rdparty/glm/detail/type_half.hpp" />
		<Unit filename="3rdparty/glm/detail/type_half.inl" />
		<Unit filename="3rdparty/glm/detail/type_int.hpp" />
		<Unit filename="3rdparty/glm/detail/type_mat.hpp" />
		<Unit filename="3rdparty/glm/detail/type_mat.inl" />
		<Unit filename="3rdparty/glm/detail/type_mat2x2.hpp" />
		<Unit filename="3rdparty/glm/detail/type_mat2x2.inl" />
		<Unit filename="3rdparty/glm/detail/type_mat2x3.hpp" />
		<Unit filename="3rdparty/glm/detail/type_mat2x3.inl" />
		<Unit filename="3rdparty/glm/detail/type_mat2x4.hpp" />
		<Unit filename="3rdparty/glm/detail/type_mat2x4.inl" />
		<Unit filename="3rdparty/glm/detail/type_mat3x2.hpp" />
		<Unit filename="3rdparty/glm/detail/type_mat3x2.inl" />
		<Unit filename="3rdparty/glm/detail/type_mat3x3.hpp" />
		<Unit filename="3rdparty/glm/detail/type_mat3x3.inl" />
		<Unit filename="3rdparty/glm/detail/type_mat3x4.hpp" />
		<Unit filename="3rdparty/glm/detail/type_mat3x4.inl" />
		<Unit filename="3rdparty/glm/detail/type_mat4x2.hpp" />
		<Unit filename="3rdparty/glm/detail/type_mat4x2.inl" />
		<Unit filename="3rdparty/glm/detail/type_mat4x3.hpp" />
		<Unit filename="3rdparty/glm/detail/type_mat4x3.inl" />
		<Unit filename="3rdparty/glm/detail/type_mat4x4.hpp" />
		<Unit filename="3rdparty/glm/detail/type_mat4x4.inl" />
		<Unit filename="3rdparty/glm/detail/type_mat4x4_simd.inl" />
		<Unit filename="3rdparty/glm/detail/type_vec.hpp" />
		<Unit filename="3rdparty/glm/detail/type_vec.inl" />
		<Unit filename="3rdparty/glm/detail/type_vec1.hpp" />
		<Unit filename="3rdparty/glm/detail/type_vec1.inl" />
		<Unit filename="3rdparty/glm/detail/type_vec2.hpp" />
		<Unit filename="3rdparty/glm/detail/type_vec2.inl" />
		<Unit filename="3rdparty/glm/detail/type_vec3.hpp" />
		<Unit filename="3rdparty/glm/detail/type_vec3.inl" />
		<Unit filename="3rdparty/glm/detail/type_vec4.hpp" />
		<Unit filename="3rdparty/glm/detail/type_vec4.inl" />
		<Unit filename="3rdparty/glm/detail/type_vec4_simd.inl" />
		<Unit filename="3rdparty/glm/exponential.hpp" />
		<Unit filename="3rdparty/glm/ext.hpp" />
		<Unit filename="3rdparty/glm/ext/vec1.hpp" />
		<Unit filename="3rdparty/glm/ext/vec1.inl" />
		<Unit filename="3rdparty/glm/ext/vector_relational.hpp" />
		<Unit filename="3rdparty/glm/ext/vector_relational.inl" />
		<Unit filename="3rdparty/glm/fwd.hpp" />
		<Unit filename="3rdparty/glm/geometric.hpp" />
		<Unit filename="3rdparty/glm/glm.hpp" />
		<Unit filename="3rdparty/glm/gtc/bitfield.hpp" />
		<Unit filename="3rdparty/glm/gtc/bitfield.inl" />
		<Unit filename="3rdparty/glm/gtc/color_space.hpp" />
		<Unit filename="3rdparty/glm/gtc/color_space.inl" />
		<Unit filename="3rdparty/glm/gtc/constants.hpp" />
		<Unit filename="3rdparty/glm/gtc/constants.inl" />
		<Unit filename="3rdparty/glm/gtc/epsilon.hpp" />
		<Unit filename="3rdparty/glm/gtc/epsilon.inl" />
		<Unit filename="3rdparty/glm/gtc/integer.hpp" />
		<Unit filename="3rdparty/glm/gtc/integer.inl" />
		<Unit filename="3rdparty/glm/gtc/matrix_access.hpp" />
		<Unit filename="3rdparty/glm/gtc/matrix_access.inl" />
		<Unit filename="3rdparty/glm/gtc/matrix_integer.hpp" />
		<Unit filename="3rdparty/glm/gtc/matrix_inverse.hpp" />
		<Unit filename="3rdparty/glm/gtc/matrix_inverse.inl" />
		<Unit filename="3rdparty/glm/gtc/matrix_transform.hpp" />
		<Unit filename="3rdparty/glm/gtc/matrix_transform.inl" />
		<Unit filename="3rdparty/glm/gtc/noise.hpp" />
		<Unit filename="3rdparty/glm/gtc/noise.inl" />
		<Unit filename="3rdparty/glm/gtc/packing.hpp" />
		<Unit filename="3rdparty/glm/gtc/packing.inl" />
		<Unit filename="3rdparty/glm/gtc/quaternion.hpp" />
		<Unit filename="3rdparty/glm/gtc/quaternion.inl" />
		<Unit filename="3rdparty/glm/gtc/quaternion_simd.inl" />
		<Unit filename="3rdparty/glm/gtc/random.hpp" />
		<Unit filename="3rdparty/glm/gtc/random.inl" />
		<Unit filename="3rdparty/glm/gtc/reciprocal.hpp" />
		<Unit filename="3rdparty/glm/gtc/reciprocal.inl" />
		<Unit filename="3rdparty/glm/gtc/round.hpp" />
		<Unit filename="3rdparty/glm/gtc/round.inl" />
		<Unit filename="3rdparty/glm/gtc/type_aligned.hpp" />
		<Unit filename="3rdparty/glm/gtc/type_precision.hpp" />
		<Unit filename="3rdparty/glm/gtc/type_precision.inl" />
		<Unit filename="3rdparty/glm/gtc/type_ptr.hpp" />
		<Unit filename="3rdparty/glm/gtc/type_ptr.inl" />
		<Unit filename="3rdparty/glm/gtc/ulp.hpp" />
		<Unit filename="3rdparty/glm/gtc/ulp.inl" />
		<Unit filename="3rdparty/glm/gtc/vec1.hpp" />
		<Unit filename="3rdparty/glm/gtc/vec1.inl" />
		<Unit filename="3rdparty/glm/gtx/associated_min_max.hpp" />
		<Unit filename="3rdparty/glm/gtx/associated_min_max.inl" />
		<Unit filename="3rdparty/glm/gtx/bit.hpp" />
		<Unit filename="3rdparty/glm/gtx/bit.inl" />
		<Unit filename="3rdparty/glm/gtx/closest_point.hpp" />
		<Unit filename="3rdparty/glm/gtx/closest_point.inl" />
		<Unit filename="3rdparty/glm/gtx/color_encoding.hpp" />
		<Unit filename="3rdparty/glm/gtx/color_encoding.inl" />
		<Unit filename="3rdparty/glm/gtx/color_space.hpp" />
		<Unit filename="3rdparty/glm/gtx/color_space.inl" />
		<Unit filename="3rdparty/glm/gtx/color_space_YCoCg.hpp" />
		<Unit filename="3rdparty/glm/gtx/color_space_YCoCg.inl" />
		<Unit filename="3rdparty/glm/gtx/common.hpp" />
		<Unit filename="3rdparty/glm/gtx/common.inl" />
		<Unit filename="3rdparty/glm/gtx/compatibility.hpp" />
		<Unit filename="3rdparty/glm/gtx/compatibility.inl" />
		<Unit filename="3rdparty/glm/gtx/component_wise.hpp" />
		<Unit filename="3rdparty/glm/gtx/component_wise.inl" />
		<Unit filename="3rdparty/glm/gtx/dual_quaternion.hpp" />
		<Unit filename="3rdparty/glm/gtx/dual_quaternion.inl" />
		<Unit filename="3rdparty/glm/gtx/easing.hpp" />
		<Unit filename="3rdparty/glm/gtx/easing.inl" />
		<Unit filename="3rdparty/glm/gtx/euler_angles.hpp" />
		<Unit filename="3rdparty/glm/gtx/euler_angles.inl" />
		<Unit filename="3rdparty/glm/gtx/extend.hpp" />
		<Unit filename="3rdparty/glm/gtx/extend.inl" />
		<Unit filename="3rdparty/glm/gtx/extended_min_max.hpp" />
		<Unit filename="3rdparty/glm/gtx/extended_min_max.inl" />
		<Unit filename="3rdparty/glm/gtx/exterior_product.hpp" />
		<Unit filename="3rdparty/glm/gtx/exterior_product.inl" />
		<Unit filename="3rdparty/glm/gtx/fast_exponential.hpp" />
		<Unit filename="3rdparty/glm/gtx/fast_exponential.inl" />
		<Unit filename="3rdparty/glm/gtx/fast_square_root.hpp" />
		<Unit filename="3rdparty/glm/gtx/fast_square_root.inl" />
		<Unit filename="3rdparty/glm/gtx/fast_trigonometry.hpp" />
		<Unit filename="3rdparty/glm/gtx/fast_trigonometry.inl" />
		<Unit filename="3rdparty/glm/gtx/float_notmalize.inl" />
		<Unit filename="3rdparty/glm/gtx/functions.hpp" />
		<Unit filename="3rdparty/glm/gtx/functions.inl" />
		<Unit filename="3rdparty/glm/gtx/gradient_paint.hpp" />
		<Unit filename="3rdparty/glm/gtx/gradient_paint.inl" />
		<Unit filename="3rdparty/glm/gtx/handed_coordinate_space.hpp" />
		<Unit filename="3rdparty/glm/gtx/handed_coordinate_space.inl" />
		<Unit filename="3rdparty/glm/gtx/hash.hpp" />
		<Unit filename="3rdparty/glm/gtx/hash.inl" />
		<Unit filename="3rdparty/glm/gtx/integer.hpp" />
		<Unit filename="3rdparty/glm/gtx/integer.inl" />
		<Unit filename="3rdparty/glm/gtx/intersect.hpp" />
		<Unit filename="3rdparty/glm/gtx/intersect.inl" />
		<Unit filename="3rdparty/glm/gtx/io.hpp" />
		<Unit filename="3rdparty/glm/gtx/io.inl" />
		<Unit filename="3rdparty/glm/gtx/log_base.hpp" />
		<Unit filename="3rdparty/glm/gtx/log_base.inl" />
		<Unit filename="3rdparty/glm/gtx/matrix_cross_product.hpp" />
		<Unit filename="3rdparty/glm/gtx/matrix_cross_product.inl" />
		<Unit filename="3rdparty/glm/gtx/matrix_decompose.hpp" />
		<Unit filename="3rdparty/glm/gtx/matrix_decompose.inl" />
		<Unit filename="3rdparty/glm/gtx/matrix_factorisation.hpp" />
		<Unit filename="3rdparty/glm/gtx/matrix_factorisation.inl" />
		<Unit filename="3rdparty/glm/gtx/matrix_interpolation.hpp" />
		<Unit filename="3rdparty/glm/gtx/matrix_interpolation.inl" />
		<Unit filename="3rdparty/glm/gtx/matrix_major_storage.hpp" />
		<Unit filename="3rdparty/glm/gtx/matrix_major_storage.inl" />
		<Unit filename="3rdparty/glm/gtx/matrix_operation.hpp" />
		<Unit filename="3rdparty/glm/gtx/matrix_operation.inl" />
		<Unit filename="3rdparty/glm/gtx/matrix_query.hpp" />
		<Unit filename="3rdparty/glm/gtx/matrix_query.inl" />
		<Unit filename="3rdparty/glm/gtx/matrix_transform_2d.hpp" />
		<Unit filename="3rdparty/glm/gtx/matrix_transform_2d.inl" />
		<Unit filename="3rdparty/glm/gtx/mixed_product.hpp" />
		<Unit filename="3rdparty/glm/gtx/mixed_product.inl" />
		<Unit filename="3rdparty/glm/gtx/norm.hpp" />
		<Unit filename="3rdparty/glm/gtx/norm.inl" />
		<Unit filename="3rdparty/glm/gtx/normal.hpp" />
		<Unit filename="3rdparty/glm/gtx/normal.inl" />
		<Unit filename="3rdparty/glm/gtx/normalize_dot.hpp" />
		<Unit filename="3rdparty/glm/gtx/normalize_dot.inl" />
		<Unit filename="3rdparty/glm/gtx/number_precision.hpp" />
		<Unit filename="3rdparty/glm/gtx/number_precision.inl" />
		<Unit filename="3rdparty/glm/gtx/optimum_pow.hpp" />
		<Unit filename="3rdparty/glm/gtx/optimum_pow.inl" />
		<Unit filename="3rdparty/glm/gtx/orthonormalize.hpp" />
		<Unit filename="3rdparty/glm/gtx/orthonormalize.inl" />
		<Unit filename="3rdparty/glm/gtx/perpendicular.hpp" />
		<Unit filename="3rdparty/glm/gtx/perpendicular.inl" />
		<Unit filename="3rdparty/glm/gtx/polar_coordinates.hpp" />
		<Unit filename="3rdparty/glm/gtx/polar_coordinates.inl" />
		<Unit filename="3rdparty/glm/gtx/projection.hpp" />
		<Unit filename="3rdparty/glm/gtx/projection.inl" />
		<Unit filename="3rdparty/glm/gtx/quaternion.hpp" />
		<Unit filename="3rdparty/glm/gtx/quaternion.inl" />
		<Unit filename="3rdparty/glm/gtx/range.hpp" />
		<Unit filename="3rdparty/glm/gtx/raw_data.hpp" />
		<Unit filename="3rdparty/glm/gtx/raw_data.inl" />
		<Unit filename="3rdparty/glm/gtx/rotate_normalized_axis.hpp" />
		<Unit filename="3rdparty/glm/gtx/rotate_normalized_axis.inl" />
		<Unit filename="3rdparty/glm/gtx/rotate_vector.hpp" />
		<Unit filename="3rdparty/glm/gtx/rotate_vector.inl" />
		<Unit filename="3rdparty/glm/gtx/scalar_multiplication.hpp" />
		<Unit filename="3rdparty/glm/gtx/scalar_relational.hpp" />
		<Unit filename="3rdparty/glm/gtx/scalar_relational.inl" />
		<Unit filename="3rdparty/glm/gtx/spline.hpp" />
		<Unit filename="3rdparty/glm/gtx/spline.inl" />
		<Unit filename="3rdparty/glm/gtx/std_based_type.hpp" />
		<Unit filename="3rdparty/glm/gtx/std_based_type.inl" />
		<Unit filename="3rdparty/glm/gtx/string_cast.hpp" />
		<Unit filename="3rdparty/glm/gtx/string_cast.inl" />
		<Unit filename="3rdparty/glm/gtx/texture.hpp" />
		<Unit filename="3rdparty/glm/gtx/texture.inl" />
		<Unit filename="3rdparty/glm/gtx/transform.hpp" />
		<Unit filename="3rdparty/glm/gtx/transform.inl" />
		<Unit filename="3rdparty/glm/gtx/transform2.hpp" />
		<Unit filename="3rdparty/glm/gtx/transform2.inl" />
		<Unit filename="3rdparty/glm/gtx/type_aligned.hpp" />
		<Unit filename="3rdparty/glm/gtx/type_aligned.inl" />
		<Unit filename="3rdparty/glm/gtx/type_trait.hpp" />
		<Unit filename="3rdparty/glm/gtx/type_trait.inl" />
		<Unit filename="3rdparty/glm/gtx/vec_swizzle.hpp" />
		<Unit filename="3rdparty/glm/gtx/vector_angle.hpp" />
		<Unit filename="3rdparty/glm/gtx/vector_angle.inl" />
		<Unit filename="3rdparty/glm/gtx/vector_query.hpp" />
		<Unit filename="3rdparty/glm/gtx/vector_query.inl" />
		<Unit filename="3rdparty/glm/gtx/wrap.hpp" />
		<Unit filename="3rdparty/glm/gtx/wrap.inl" />
		<Unit filename="3rdparty/glm/integer.hpp" />
		<Unit filename="3rdparty/glm/mat2x2.hpp" />
		<Unit filename="3rdparty/glm/mat2x3.hpp" />
		<Unit filename="3rdparty/glm/mat2x4.hpp" />
		<Unit filename="3rdparty/glm/mat3x2.hpp" />
		<Unit filename="3rdparty/glm/mat3x3.hpp" />
		<Unit filename="3rdparty/glm/mat3x4.hpp" />
		<Unit filename="3rdparty/glm/mat4x2.hpp" />
		<Unit filename="3rdparty/glm/mat4x3.hpp" />
		<Unit filename="3rdparty/glm/mat4x4.hpp" />
		<Unit filename="3rdparty/glm/matrix.hpp" />
		<Unit filename="3rdparty/glm/packing.hpp" />
		<Unit filename="3rdparty/glm/simd/common.h" />
		<Unit filename="3rdparty/glm/simd/exponential.h" />
		<Unit filename="3rdparty/glm/simd/geometric.h" />
		<Unit filename="3rdparty/glm/simd/integer.h" />
		<Unit filename="3rdparty/glm/simd/matrix.h" />
		<Unit filename="3rdparty/glm/simd/packing.h" />
		<Unit filename="3rdparty/glm/simd/platform.h" />
		<Unit filename="3rdparty/glm/simd/trigonometric.h" />
		<Unit filename="3rdparty/glm/simd/vector_relational.h" />
		<Unit filename="3rdparty/glm/trigonometric.hpp" />
		<Unit filename="3rdparty/glm/vec2.hpp" />
		<Unit filename="3rdparty/glm/vec3.hpp" />
		<Unit filename="3rdparty/glm/vec4.hpp" />
		<Unit filename="3rdparty/glm/vector_relational.hpp" />
		<Unit filename="3rdparty/stb_image/stb_image.cpp" />
		<Unit filename="3rdparty/stb_image/stb_image.h" />
		<Unit filename="data/shaders/basic.frag" />
		<Unit filename="data/shaders/basic.vert" />
		<Unit filename="data/shaders/framebuffer.frag" />
		<Unit filename="data/shaders/framebuffer.vert" />
		<Unit filename="main.cpp" />
		<Unit filename="src/application.cpp" />
		<Unit filename="src/application.h" />
		<Unit filename="src/graphics/basicrenderer.h" />
		<Unit filename="src/graphics/buffer.cpp" />
		<Unit filename="src/graphics/buffer.h" />
		<Unit filename="src/graphics/frameBuffer.cpp" />
		<Unit filename="src/graphics/frameBuffer.h" />
		<Unit filename="src/graphics/indexBuffer.cpp" />
		<Unit filename="src/graphics/indexBuffer.h" />
		<Unit filename="src/graphics/masterrenderer.cpp" />
		<Unit filename="src/graphics/masterrenderer.h" />
		<Unit filename="src/graphics/renderer.h" />
		<Unit filename="src/graphics/scene/camera.cpp" />
		<Unit filename="src/graphics/scene/camera.h" />
		<Unit filename="src/graphics/scene/cube.cpp" />
		<Unit filename="src/graphics/scene/cube.h" />
		<Unit filename="src/graphics/scene/entity.h" />
		<Unit filename="src/graphics/scene/scene.cpp" />
		<Unit filename="src/graphics/scene/scene.h" />
		<Unit filename="src/graphics/shader.cpp" />
		<Unit filename="src/graphics/shader.h" />
		<Unit filename="src/graphics/texture.cpp" />
		<Unit filename="src/graphics/texture.h" />
		<Unit filename="src/graphics/textureAtlas.cpp" />
		<Unit filename="src/graphics/textureAtlas.h" />
		<Unit filename="src/graphics/vertexArray.cpp" />
		<Unit filename="src/graphics/vertexArray.h" />
		<Unit filename="src/graphics/window.cpp" />
		<Unit filename="src/graphics/window.h" />
		<Unit filename="src/maths/glm_include.h" />
		<Unit filename="src/maths/math_func.h" />
		<Unit filename="src/maths/maths.h" />
		<Unit filename="src/states/istate.h" />
		<Unit filename="src/states/playingstate.cpp" />
		<Unit filename="src/states/playingstate.h" />
		<Unit filename="src/states/statemanager.cpp" />
		<Unit filename="src/states/statemanager.h" />
		<Unit filename="src/utils/fileutils.cpp" />
		<Unit filename="src/utils/fileutils.h" />
		<Unit filename="src/utils/timer.h" />
		<Extensions>
			<code_completion />
			<envvars />
			<debugger />
		</Extensions>
	</Project>
</CodeBlocks_project_file>
